
Microsoft Visual Studio Solution File, Format Version 12.00
# Visual Studio Version 17
VisualStudioVersion = 17.6.33829.357
MinimumVisualStudioVersion = 10.0.40219.1
Project("{FAE04EC0-301F-11D3-BF4B-00C04F79EFBC}") = "CRUDOperation", "CRUDOperation\CRUDOperation.csproj", "{BB9DEA8B-2E4A-4AB4-944C-CB2FB1D5BD36}"
EndProject
Global
	GlobalSection(SolutionConfigurationPlatforms) = preSolution
		Debug|Any CPU = Debug|Any CPU
		Release|Any CPU = Release|Any CPU
	EndGlobalSection
	GlobalSection(ProjectConfigurationPlatforms) = postSolution
		{BB9DEA8B-2E4A-4AB4-944C-CB2FB1D5BD36}.Debug|Any CPU.ActiveCfg = Debug|Any CPU
		{BB9DEA8B-2E4A-4AB4-944C-CB2FB1D5BD36}.Debug|Any CPU.Build.0 = Debug|Any CPU
		{BB9DEA8B-2E4A-4AB4-944C-CB2FB1D5BD36}.Release|Any CPU.ActiveCfg = Release|Any CPU
		{BB9DEA8B-2E4A-4AB4-944C-CB2FB1D5BD36}.Release|Any CPU.Build.0 = Release|Any CPU
	EndGlobalSection
	GlobalSection(SolutionProperties) = preSolution
		HideSolutionNode = FALSE
	EndGlobalSection
	GlobalSection(ExtensibilityGlobals) = postSolution
		SolutionGuid = {3C0F1EBA-B8D4-469F-985F-7F042F05EA36}
	EndGlobalSection
EndGlobal
